
Microsoft Visual Studio Solution File, Format Version 12.00
# Visual Studio Version 17
VisualStudioVersion = 17.4.33403.182
MinimumVisualStudioVersion = 10.0.40219.1
Project("{FAE04EC0-301F-11D3-BF4B-00C04F79EFBC}") = "MesseageBox", "MesseageBox\MesseageBox.csproj", "{C1DDE295-69FE-4068-BD73-8A38BF593768}"
EndProject
Project("{FAE04EC0-301F-11D3-BF4B-00C04F79EFBC}") = "SimpleCalculate", "SimpleCalculate\SimpleCalculate.csproj", "{E519203B-AB8F-4A90-B2A4-91DB8C405F70}"
EndProject
Project("{FAE04EC0-301F-11D3-BF4B-00C04F79EFBC}") = "RadioButton", "RadioButton\RadioButton.csproj", "{B6FB7D97-A77B-42A5-8C30-B3FCA171B6B4}"
EndProject
Project("{FAE04EC0-301F-11D3-BF4B-00C04F79EFBC}") = "ComboBox01", "ComboBox01\ComboBox01.csproj", "{7A888781-FE6A-4E5C-80C2-888F2859EAF4}"
EndProject
Project("{FAE04EC0-301F-11D3-BF4B-00C04F79EFBC}") = "ListBox01", "ListBox01\ListBox01.csproj", "{CCDEE8F7-7775-45AF-B084-673BEC611F56}"
EndProject
Project("{FAE04EC0-301F-11D3-BF4B-00C04F79EFBC}") = "ListBox02", "ListBox02\ListBox02.csproj", "{C6294E37-96EA-4B30-8056-5E81742B5CC0}"
EndProject
Global
	GlobalSection(SolutionConfigurationPlatforms) = preSolution
		Debug|Any CPU = Debug|Any CPU
		Release|Any CPU = Release|Any CPU
	EndGlobalSection
	GlobalSection(ProjectConfigurationPlatforms) = postSolution
		{C1DDE295-69FE-4068-BD73-8A38BF593768}.Debug|Any CPU.ActiveCfg = Debug|Any CPU
		{C1DDE295-69FE-4068-BD73-8A38BF593768}.Debug|Any CPU.Build.0 = Debug|Any CPU
		{C1DDE295-69FE-4068-BD73-8A38BF593768}.Release|Any CPU.ActiveCfg = Release|Any CPU
		{C1DDE295-69FE-4068-BD73-8A38BF593768}.Release|Any CPU.Build.0 = Release|Any CPU
		{E519203B-AB8F-4A90-B2A4-91DB8C405F70}.Debug|Any CPU.ActiveCfg = Debug|Any CPU
		{E519203B-AB8F-4A90-B2A4-91DB8C405F70}.Debug|Any CPU.Build.0 = Debug|Any CPU
		{E519203B-AB8F-4A90-B2A4-91DB8C405F70}.Release|Any CPU.ActiveCfg = Release|Any CPU
		{E519203B-AB8F-4A90-B2A4-91DB8C405F70}.Release|Any CPU.Build.0 = Release|Any CPU
		{B6FB7D97-A77B-42A5-8C30-B3FCA171B6B4}.Debug|Any CPU.ActiveCfg = Debug|Any CPU
		{B6FB7D97-A77B-42A5-8C30-B3FCA171B6B4}.Debug|Any CPU.Build.0 = Debug|Any CPU
		{B6FB7D97-A77B-42A5-8C30-B3FCA171B6B4}.Release|Any CPU.ActiveCfg = Release|Any CPU
		{B6FB7D97-A77B-42A5-8C30-B3FCA171B6B4}.Release|Any CPU.Build.0 = Release|Any CPU
		{7A888781-FE6A-4E5C-80C2-888F2859EAF4}.Debug|Any CPU.ActiveCfg = Debug|Any CPU
		{7A888781-FE6A-4E5C-80C2-888F2859EAF4}.Debug|Any CPU.Build.0 = Debug|Any CPU
		{7A888781-FE6A-4E5C-80C2-888F2859EAF4}.Release|Any CPU.ActiveCfg = Release|Any CPU
		{7A888781-FE6A-4E5C-80C2-888F2859EAF4}.Release|Any CPU.Build.0 = Release|Any CPU
		{CCDEE8F7-7775-45AF-B084-673BEC611F56}.Debug|Any CPU.ActiveCfg = Debug|Any CPU
		{CCDEE8F7-7775-45AF-B084-673BEC611F56}.Debug|Any CPU.Build.0 = Debug|Any CPU
		{CCDEE8F7-7775-45AF-B084-673BEC611F56}.Release|Any CPU.ActiveCfg = Release|Any CPU
		{CCDEE8F7-7775-45AF-B084-673BEC611F56}.Release|Any CPU.Build.0 = Release|Any CPU
		{C6294E37-96EA-4B30-8056-5E81742B5CC0}.Debug|Any CPU.ActiveCfg = Debug|Any CPU
		{C6294E37-96EA-4B30-8056-5E81742B5CC0}.Debug|Any CPU.Build.0 = Debug|Any CPU
		{C6294E37-96EA-4B30-8056-5E81742B5CC0}.Release|Any CPU.ActiveCfg = Release|Any CPU
		{C6294E37-96EA-4B30-8056-5E81742B5CC0}.Release|Any CPU.Build.0 = Release|Any CPU
	EndGlobalSection
	GlobalSection(SolutionProperties) = preSolution
		HideSolutionNode = FALSE
	EndGlobalSection
	GlobalSection(ExtensibilityGlobals) = postSolution
		SolutionGuid = {72F768B3-E181-47D8-AEC8-3993073D5D8F}
	EndGlobalSection
EndGlobal
