
Microsoft Visual Studio Solution File, Format Version 12.00
# Visual Studio Version 17
VisualStudioVersion = 17.4.33403.182
MinimumVisualStudioVersion = 10.0.40219.1
Project("{FAE04EC0-301F-11D3-BF4B-00C04F79EFBC}") = "MesseageBox", "MesseageBox\MesseageBox.csproj", "{C1DDE295-69FE-4068-BD73-8A38BF593768}"
EndProject
Project("{FAE04EC0-301F-11D3-BF4B-00C04F79EFBC}") = "SimpleCalculate", "SimpleCalculate\SimpleCalculate.csproj", "{E519203B-AB8F-4A90-B2A4-91DB8C405F70}"
EndProject
Project("{FAE04EC0-301F-11D3-BF4B-00C04F79EFBC}") = "RadioButton", "RadioButton\RadioButton.csproj", "{B6FB7D97-A77B-42A5-8C30-B3FCA171B6B4}"
EndProject
Project("{FAE04EC0-301F-11D3-BF4B-00C04F79EFBC}") = "ComboBox01", "ComboBox01\ComboBox01.csproj", "{7A888781-FE6A-4E5C-80C2-888F2859EAF4}"
EndProject
Project("{FAE04EC0-301F-11D3-BF4B-00C04F79EFBC}") = "ListBox01", "ListBox01\ListBox01.csproj", "{CCDEE8F7-7775-45AF-B084-673BEC611F56}"
EndProject
Project("{FAE04EC0-301F-11D3-BF4B-00C04F79EFBC}") = "ListBox02", "ListBox02\ListBox02.csproj", "{C6294E37-96EA-4B30-8056-5E81742B5CC0}"
EndProject
Project("{FAE04EC0-301F-11D3-BF4B-00C04F79EFBC}") = "MLTextbox", "MLTextbox\MLTextbox.csproj", "{3B0893E0-3D20-4435-B593-FF93BB96E917}"
EndProject
Project("{FAE04EC0-301F-11D3-BF4B-00C04F79EFBC}") = "CheckedListBox", "CheckedListBox\CheckedListBox.csproj", "{21D6DDE7-6271-447E-AE87-83C0C81CA1E3}"
EndProject
Project("{FAE04EC0-301F-11D3-BF4B-00C04F79EFBC}") = "DateTimePicked", "DateTimePicked\DateTimePicked.csproj", "{23B51387-C262-41B4-AF0F-3769E5FBDA61}"
EndProject
Project("{FAE04EC0-301F-11D3-BF4B-00C04F79EFBC}") = "MonthDays", "MonthDays\MonthDays.csproj", "{44B7EBD4-14A5-447E-BA59-52BC84D60E13}"
EndProject
Project("{FAE04EC0-301F-11D3-BF4B-00C04F79EFBC}") = "TabControl", "TabControl\TabControl.csproj", "{64F71B7E-5BCF-4394-8D03-E3833CFD7A9C}"
EndProject
Project("{FAE04EC0-301F-11D3-BF4B-00C04F79EFBC}") = "PicturesBox", "PicturesBox\PicturesBox.csproj", "{485A5FB3-48B8-49A4-947C-9D2FE8FB963E}"
EndProject
Global
	GlobalSection(SolutionConfigurationPlatforms) = preSolution
		Debug|Any CPU = Debug|Any CPU
		Release|Any CPU = Release|Any CPU
	EndGlobalSection
	GlobalSection(ProjectConfigurationPlatforms) = postSolution
		{C1DDE295-69FE-4068-BD73-8A38BF593768}.Debug|Any CPU.ActiveCfg = Debug|Any CPU
		{C1DDE295-69FE-4068-BD73-8A38BF593768}.Debug|Any CPU.Build.0 = Debug|Any CPU
		{C1DDE295-69FE-4068-BD73-8A38BF593768}.Release|Any CPU.ActiveCfg = Release|Any CPU
		{C1DDE295-69FE-4068-BD73-8A38BF593768}.Release|Any CPU.Build.0 = Release|Any CPU
		{E519203B-AB8F-4A90-B2A4-91DB8C405F70}.Debug|Any CPU.ActiveCfg = Debug|Any CPU
		{E519203B-AB8F-4A90-B2A4-91DB8C405F70}.Debug|Any CPU.Build.0 = Debug|Any CPU
		{E519203B-AB8F-4A90-B2A4-91DB8C405F70}.Release|Any CPU.ActiveCfg = Release|Any CPU
		{E519203B-AB8F-4A90-B2A4-91DB8C405F70}.Release|Any CPU.Build.0 = Release|Any CPU
		{B6FB7D97-A77B-42A5-8C30-B3FCA171B6B4}.Debug|Any CPU.ActiveCfg = Debug|Any CPU
		{B6FB7D97-A77B-42A5-8C30-B3FCA171B6B4}.Debug|Any CPU.Build.0 = Debug|Any CPU
		{B6FB7D97-A77B-42A5-8C30-B3FCA171B6B4}.Release|Any CPU.ActiveCfg = Release|Any CPU
		{B6FB7D97-A77B-42A5-8C30-B3FCA171B6B4}.Release|Any CPU.Build.0 = Release|Any CPU
		{7A888781-FE6A-4E5C-80C2-888F2859EAF4}.Debug|Any CPU.ActiveCfg = Debug|Any CPU
		{7A888781-FE6A-4E5C-80C2-888F2859EAF4}.Debug|Any CPU.Build.0 = Debug|Any CPU
		{7A888781-FE6A-4E5C-80C2-888F2859EAF4}.Release|Any CPU.ActiveCfg = Release|Any CPU
		{7A888781-FE6A-4E5C-80C2-888F2859EAF4}.Release|Any CPU.Build.0 = Release|Any CPU
		{CCDEE8F7-7775-45AF-B084-673BEC611F56}.Debug|Any CPU.ActiveCfg = Debug|Any CPU
		{CCDEE8F7-7775-45AF-B084-673BEC611F56}.Debug|Any CPU.Build.0 = Debug|Any CPU
		{CCDEE8F7-7775-45AF-B084-673BEC611F56}.Release|Any CPU.ActiveCfg = Release|Any CPU
		{CCDEE8F7-7775-45AF-B084-673BEC611F56}.Release|Any CPU.Build.0 = Release|Any CPU
		{C6294E37-96EA-4B30-8056-5E81742B5CC0}.Debug|Any CPU.ActiveCfg = Debug|Any CPU
		{C6294E37-96EA-4B30-8056-5E81742B5CC0}.Debug|Any CPU.Build.0 = Debug|Any CPU
		{C6294E37-96EA-4B30-8056-5E81742B5CC0}.Release|Any CPU.ActiveCfg = Release|Any CPU
		{C6294E37-96EA-4B30-8056-5E81742B5CC0}.Release|Any CPU.Build.0 = Release|Any CPU
		{3B0893E0-3D20-4435-B593-FF93BB96E917}.Debug|Any CPU.ActiveCfg = Debug|Any CPU
		{3B0893E0-3D20-4435-B593-FF93BB96E917}.Debug|Any CPU.Build.0 = Debug|Any CPU
		{3B0893E0-3D20-4435-B593-FF93BB96E917}.Release|Any CPU.ActiveCfg = Release|Any CPU
		{3B0893E0-3D20-4435-B593-FF93BB96E917}.Release|Any CPU.Build.0 = Release|Any CPU
		{21D6DDE7-6271-447E-AE87-83C0C81CA1E3}.Debug|Any CPU.ActiveCfg = Debug|Any CPU
		{21D6DDE7-6271-447E-AE87-83C0C81CA1E3}.Debug|Any CPU.Build.0 = Debug|Any CPU
		{21D6DDE7-6271-447E-AE87-83C0C81CA1E3}.Release|Any CPU.ActiveCfg = Release|Any CPU
		{21D6DDE7-6271-447E-AE87-83C0C81CA1E3}.Release|Any CPU.Build.0 = Release|Any CPU
		{23B51387-C262-41B4-AF0F-3769E5FBDA61}.Debug|Any CPU.ActiveCfg = Debug|Any CPU
		{23B51387-C262-41B4-AF0F-3769E5FBDA61}.Debug|Any CPU.Build.0 = Debug|Any CPU
		{23B51387-C262-41B4-AF0F-3769E5FBDA61}.Release|Any CPU.ActiveCfg = Release|Any CPU
		{23B51387-C262-41B4-AF0F-3769E5FBDA61}.Release|Any CPU.Build.0 = Release|Any CPU
		{44B7EBD4-14A5-447E-BA59-52BC84D60E13}.Debug|Any CPU.ActiveCfg = Debug|Any CPU
		{44B7EBD4-14A5-447E-BA59-52BC84D60E13}.Debug|Any CPU.Build.0 = Debug|Any CPU
		{44B7EBD4-14A5-447E-BA59-52BC84D60E13}.Release|Any CPU.ActiveCfg = Release|Any CPU
		{44B7EBD4-14A5-447E-BA59-52BC84D60E13}.Release|Any CPU.Build.0 = Release|Any CPU
		{64F71B7E-5BCF-4394-8D03-E3833CFD7A9C}.Debug|Any CPU.ActiveCfg = Debug|Any CPU
		{64F71B7E-5BCF-4394-8D03-E3833CFD7A9C}.Debug|Any CPU.Build.0 = Debug|Any CPU
		{64F71B7E-5BCF-4394-8D03-E3833CFD7A9C}.Release|Any CPU.ActiveCfg = Release|Any CPU
		{64F71B7E-5BCF-4394-8D03-E3833CFD7A9C}.Release|Any CPU.Build.0 = Release|Any CPU
		{485A5FB3-48B8-49A4-947C-9D2FE8FB963E}.Debug|Any CPU.ActiveCfg = Debug|Any CPU
		{485A5FB3-48B8-49A4-947C-9D2FE8FB963E}.Debug|Any CPU.Build.0 = Debug|Any CPU
		{485A5FB3-48B8-49A4-947C-9D2FE8FB963E}.Release|Any CPU.ActiveCfg = Release|Any CPU
		{485A5FB3-48B8-49A4-947C-9D2FE8FB963E}.Release|Any CPU.Build.0 = Release|Any CPU
	EndGlobalSection
	GlobalSection(SolutionProperties) = preSolution
		HideSolutionNode = FALSE
	EndGlobalSection
	GlobalSection(ExtensibilityGlobals) = postSolution
		SolutionGuid = {72F768B3-E181-47D8-AEC8-3993073D5D8F}
	EndGlobalSection
EndGlobal
