
Microsoft Visual Studio Solution File, Format Version 12.00
# Visual Studio Version 17
VisualStudioVersion = 17.4.33403.182
MinimumVisualStudioVersion = 10.0.40219.1
Project("{FAE04EC0-301F-11D3-BF4B-00C04F79EFBC}") = "OtherLive", "OtherLive\OtherLive.csproj", "{8CB723DC-DD41-4005-882E-85114862717C}"
EndProject
Global
	GlobalSection(SolutionConfigurationPlatforms) = preSolution
		Debug|Any CPU = Debug|Any CPU
		Release|Any CPU = Release|Any CPU
	EndGlobalSection
	GlobalSection(ProjectConfigurationPlatforms) = postSolution
		{8CB723DC-DD41-4005-882E-85114862717C}.Debug|Any CPU.ActiveCfg = Debug|Any CPU
		{8CB723DC-DD41-4005-882E-85114862717C}.Debug|Any CPU.Build.0 = Debug|Any CPU
		{8CB723DC-DD41-4005-882E-85114862717C}.Release|Any CPU.ActiveCfg = Release|Any CPU
		{8CB723DC-DD41-4005-882E-85114862717C}.Release|Any CPU.Build.0 = Release|Any CPU
	EndGlobalSection
	GlobalSection(SolutionProperties) = preSolution
		HideSolutionNode = FALSE
	EndGlobalSection
	GlobalSection(ExtensibilityGlobals) = postSolution
		SolutionGuid = {7CB66B5D-87D7-4A9D-B160-8523E0393AC3}
	EndGlobalSection
EndGlobal
