
Microsoft Visual Studio Solution File, Format Version 12.00
# Visual Studio Version 17
VisualStudioVersion = 17.4.33403.182
MinimumVisualStudioVersion = 10.0.40219.1
Project("{FAE04EC0-301F-11D3-BF4B-00C04F79EFBC}") = "JobLinq", "JobLinq\JobLinq.csproj", "{B5EB20C9-10C6-492C-9E6F-48DE2DA3B93A}"
EndProject
Global
	GlobalSection(SolutionConfigurationPlatforms) = preSolution
		Debug|Any CPU = Debug|Any CPU
		Release|Any CPU = Release|Any CPU
	EndGlobalSection
	GlobalSection(ProjectConfigurationPlatforms) = postSolution
		{B5EB20C9-10C6-492C-9E6F-48DE2DA3B93A}.Debug|Any CPU.ActiveCfg = Debug|Any CPU
		{B5EB20C9-10C6-492C-9E6F-48DE2DA3B93A}.Debug|Any CPU.Build.0 = Debug|Any CPU
		{B5EB20C9-10C6-492C-9E6F-48DE2DA3B93A}.Release|Any CPU.ActiveCfg = Release|Any CPU
		{B5EB20C9-10C6-492C-9E6F-48DE2DA3B93A}.Release|Any CPU.Build.0 = Release|Any CPU
	EndGlobalSection
	GlobalSection(SolutionProperties) = preSolution
		HideSolutionNode = FALSE
	EndGlobalSection
	GlobalSection(ExtensibilityGlobals) = postSolution
		SolutionGuid = {F8F4EC0E-6907-4830-ACD9-1FD1F8C5DD08}
	EndGlobalSection
EndGlobal
